
Microsoft Visual Studio Solution File, Format Version 12.00
# Visual Studio Version 17
VisualStudioVersion = 17.4.33103.184
MinimumVisualStudioVersion = 10.0.40219.1
Project("{FAE04EC0-301F-11D3-BF4B-00C04F79EFBC}") = "KoSharp", "KoSharp\KoSharp.csproj", "{127ADAD7-9726-4293-AE1E-90B865631DC2}"
EndProject
Global
	GlobalSection(SolutionConfigurationPlatforms) = preSolution
		Debug|Any CPU = Debug|Any CPU
		Debug|x86 = Debug|x86
		Release|Any CPU = Release|Any CPU
		Release|x86 = Release|x86
	EndGlobalSection
	GlobalSection(ProjectConfigurationPlatforms) = postSolution
		{127ADAD7-9726-4293-AE1E-90B865631DC2}.Debug|Any CPU.ActiveCfg = Debug|Any CPU
		{127ADAD7-9726-4293-AE1E-90B865631DC2}.Debug|Any CPU.Build.0 = Debug|Any CPU
		{127ADAD7-9726-4293-AE1E-90B865631DC2}.Debug|x86.ActiveCfg = Debug|x86
		{127ADAD7-9726-4293-AE1E-90B865631DC2}.Debug|x86.Build.0 = Debug|x86
		{127ADAD7-9726-4293-AE1E-90B865631DC2}.Release|Any CPU.ActiveCfg = Release|Any CPU
		{127ADAD7-9726-4293-AE1E-90B865631DC2}.Release|Any CPU.Build.0 = Release|Any CPU
		{127ADAD7-9726-4293-AE1E-90B865631DC2}.Release|x86.ActiveCfg = Release|x86
		{127ADAD7-9726-4293-AE1E-90B865631DC2}.Release|x86.Build.0 = Release|x86
	EndGlobalSection
	GlobalSection(SolutionProperties) = preSolution
		HideSolutionNode = FALSE
	EndGlobalSection
	GlobalSection(ExtensibilityGlobals) = postSolution
		SolutionGuid = {15EC629A-38B2-430E-BB3C-B8ECCA340E33}
	EndGlobalSection
EndGlobal
